
Microsoft Visual Studio Solution File, Format Version 12.00
# Visual Studio Version 16
VisualStudioVersion = 16.0.30011.22
MinimumVisualStudioVersion = 10.0.40219.1
Project("{FAE04EC0-301F-11D3-BF4B-00C04F79EFBC}") = "EmployeeInformation", "EmployeeInformation\EmployeeInformation.csproj", "{8FBEE86D-B79D-48D5-92CB-3B4CD138DCEA}"
EndProject
Project("{FAE04EC0-301F-11D3-BF4B-00C04F79EFBC}") = "LogTimeSwiping", "LogTimeSwiping\LogTimeSwiping.csproj", "{FFE364E6-43AD-4D1C-9BAE-986A51D45B17}"
EndProject
Global
	GlobalSection(SolutionConfigurationPlatforms) = preSolution
		Debug|Any CPU = Debug|Any CPU
		Release|Any CPU = Release|Any CPU
	EndGlobalSection
	GlobalSection(ProjectConfigurationPlatforms) = postSolution
		{8FBEE86D-B79D-48D5-92CB-3B4CD138DCEA}.Debug|Any CPU.ActiveCfg = Debug|Any CPU
		{8FBEE86D-B79D-48D5-92CB-3B4CD138DCEA}.Debug|Any CPU.Build.0 = Debug|Any CPU
		{8FBEE86D-B79D-48D5-92CB-3B4CD138DCEA}.Release|Any CPU.ActiveCfg = Debug|Any CPU
		{8FBEE86D-B79D-48D5-92CB-3B4CD138DCEA}.Release|Any CPU.Build.0 = Debug|Any CPU
		{FFE364E6-43AD-4D1C-9BAE-986A51D45B17}.Debug|Any CPU.ActiveCfg = Debug|Any CPU
		{FFE364E6-43AD-4D1C-9BAE-986A51D45B17}.Debug|Any CPU.Build.0 = Debug|Any CPU
		{FFE364E6-43AD-4D1C-9BAE-986A51D45B17}.Release|Any CPU.ActiveCfg = Release|Any CPU
		{FFE364E6-43AD-4D1C-9BAE-986A51D45B17}.Release|Any CPU.Build.0 = Release|Any CPU
	EndGlobalSection
	GlobalSection(SolutionProperties) = preSolution
		HideSolutionNode = FALSE
	EndGlobalSection
	GlobalSection(ExtensibilityGlobals) = postSolution
		SolutionGuid = {0BF54920-01C4-47C9-A760-D133ADB23079}
	EndGlobalSection
EndGlobal
